
Microsoft Visual Studio Solution File, Format Version 12.00
# Visual Studio Version 17
VisualStudioVersion = 17.0.31512.422
MinimumVisualStudioVersion = 10.0.40219.1
Project("{FAE04EC0-301F-11D3-BF4B-00C04F79EFBC}") = "Visitor", "Visitor\Visitor.csproj", "{490E27B9-2E64-411F-96C7-BA3CF993F900}"
EndProject
Project("{FAE04EC0-301F-11D3-BF4B-00C04F79EFBC}") = "Observer", "Observer\Observer.csproj", "{1AEF02E2-880D-431E-9695-125467E0C351}"
EndProject
Global
	GlobalSection(SolutionConfigurationPlatforms) = preSolution
		Debug|Any CPU = Debug|Any CPU
		Release|Any CPU = Release|Any CPU
	EndGlobalSection
	GlobalSection(ProjectConfigurationPlatforms) = postSolution
		{490E27B9-2E64-411F-96C7-BA3CF993F900}.Debug|Any CPU.ActiveCfg = Debug|Any CPU
		{490E27B9-2E64-411F-96C7-BA3CF993F900}.Debug|Any CPU.Build.0 = Debug|Any CPU
		{490E27B9-2E64-411F-96C7-BA3CF993F900}.Release|Any CPU.ActiveCfg = Release|Any CPU
		{490E27B9-2E64-411F-96C7-BA3CF993F900}.Release|Any CPU.Build.0 = Release|Any CPU
		{1AEF02E2-880D-431E-9695-125467E0C351}.Debug|Any CPU.ActiveCfg = Debug|Any CPU
		{1AEF02E2-880D-431E-9695-125467E0C351}.Debug|Any CPU.Build.0 = Debug|Any CPU
		{1AEF02E2-880D-431E-9695-125467E0C351}.Release|Any CPU.ActiveCfg = Release|Any CPU
		{1AEF02E2-880D-431E-9695-125467E0C351}.Release|Any CPU.Build.0 = Release|Any CPU
	EndGlobalSection
	GlobalSection(SolutionProperties) = preSolution
		HideSolutionNode = FALSE
	EndGlobalSection
	GlobalSection(ExtensibilityGlobals) = postSolution
		SolutionGuid = {DEB48DE0-5A16-4CB9-972B-A933A66EECC3}
	EndGlobalSection
EndGlobal
